// !$*UTF8*$!
{
	archiveVersion = 1;
	classes = {
	};
	objectVersion = 50;
	objects = {

/* Begin PBXBuildFile section */
		D136CB7B2599F9C6006E72D2 /* AppDelegate.swift in Sources */ = {isa = PBXBuildFile; fileRef = D136CB7A2599F9C6006E72D2 /* AppDelegate.swift */; };
		D136CB7D2599F9C6006E72D2 /* SceneDelegate.swift in Sources */ = {isa = PBXBuildFile; fileRef = D136CB7C2599F9C6006E72D2 /* SceneDelegate.swift */; };
		D136CB7F2599F9C6006E72D2 /* WeatherView.swift in Sources */ = {isa = PBXBuildFile; fileRef = D136CB7E2599F9C6006E72D2 /* WeatherView.swift */; };
		D136CB822599F9C6006E72D2 /* WeatherApp.xcdatamodeld in Sources */ = {isa = PBXBuildFile; fileRef = D136CB802599F9C6006E72D2 /* WeatherApp.xcdatamodeld */; };
		D136CB842599F9C9006E72D2 /* Assets.xcassets in Resources */ = {isa = PBXBuildFile; fileRef = D136CB832599F9C9006E72D2 /* Assets.xcassets */; };
		D136CB872599F9C9006E72D2 /* Preview Assets.xcassets in Resources */ = {isa = PBXBuildFile; fileRef = D136CB862599F9C9006E72D2 /* Preview Assets.xcassets */; };
		D136CB8A2599F9C9006E72D2 /* LaunchScreen.storyboard in Resources */ = {isa = PBXBuildFile; fileRef = D136CB882599F9C9006E72D2 /* LaunchScreen.storyboard */; };
		D136CB932599FA3C006E72D2 /* WeatherService.swift in Sources */ = {isa = PBXBuildFile; fileRef = D136CB922599FA3C006E72D2 /* WeatherService.swift */; };
		D136CB962599FFEE006E72D2 /* WeatherModel.swift in Sources */ = {isa = PBXBuildFile; fileRef = D136CB952599FFEE006E72D2 /* WeatherModel.swift */; };
		D136CB9E259A1456006E72D2 /* WeatherViewModel.swift in Sources */ = {isa = PBXBuildFile; fileRef = D136CB9D259A1456006E72D2 /* WeatherViewModel.swift */; };
		D14E2F5325A104B7000F3474 /* APIWeather::models.swift in Sources */ = {isa = PBXBuildFile; fileRef = D14E2F5225A104B7000F3474 /* APIWeather::models.swift */; };
/* End PBXBuildFile section */

/* Begin PBXFileReference section */
		D136CB772599F9C6006E72D2 /* WeatherApp.app */ = {isa = PBXFileReference; explicitFileType = wrapper.application; includeInIndex = 0; path = WeatherApp.app; sourceTree = BUILT_PRODUCTS_DIR; };
		D136CB7A2599F9C6006E72D2 /* AppDelegate.swift */ = {isa = PBXFileReference; lastKnownFileType = sourcecode.swift; path = AppDelegate.swift; sourceTree = "<group>"; };
		D136CB7C2599F9C6006E72D2 /* SceneDelegate.swift */ = {isa = PBXFileReference; lastKnownFileType = sourcecode.swift; path = SceneDelegate.swift; sourceTree = "<group>"; };
		D136CB7E2599F9C6006E72D2 /* WeatherView.swift */ = {isa = PBXFileReference; lastKnownFileType = sourcecode.swift; path = WeatherView.swift; sourceTree = "<group>"; };
		D136CB812599F9C6006E72D2 /* WeatherApp.xcdatamodel */ = {isa = PBXFileReference; lastKnownFileType = wrapper.xcdatamodel; path = WeatherApp.xcdatamodel; sourceTree = "<group>"; };
		D136CB832599F9C9006E72D2 /* Assets.xcassets */ = {isa = PBXFileReference; lastKnownFileType = folder.assetcatalog; path = Assets.xcassets; sourceTree = "<group>"; };
		D136CB862599F9C9006E72D2 /* Preview Assets.xcassets */ = {isa = PBXFileReference; lastKnownFileType = folder.assetcatalog; path = "Preview Assets.xcassets"; sourceTree = "<group>"; };
		D136CB892599F9C9006E72D2 /* Base */ = {isa = PBXFileReference; lastKnownFileType = file.storyboard; name = Base; path = Base.lproj/LaunchScreen.storyboard; sourceTree = "<group>"; };
		D136CB8B2599F9C9006E72D2 /* Info.plist */ = {isa = PBXFileReference; lastKnownFileType = text.plist.xml; path = Info.plist; sourceTree = "<group>"; };
		D136CB922599FA3C006E72D2 /* WeatherService.swift */ = {isa = PBXFileReference; lastKnownFileType = sourcecode.swift; path = WeatherService.swift; sourceTree = "<group>"; };
		D136CB952599FFEE006E72D2 /* WeatherModel.swift */ = {isa = PBXFileReference; lastKnownFileType = sourcecode.swift; path = WeatherModel.swift; sourceTree = "<group>"; };
		D136CB9D259A1456006E72D2 /* WeatherViewModel.swift */ = {isa = PBXFileReference; lastKnownFileType = sourcecode.swift; path = WeatherViewModel.swift; sourceTree = "<group>"; };
		D14E2F5225A104B7000F3474 /* APIWeather::models.swift */ = {isa = PBXFileReference; lastKnownFileType = sourcecode.swift; path = "APIWeather::models.swift"; sourceTree = "<group>"; };
/* End PBXFileReference section */

/* Begin PBXFrameworksBuildPhase section */
		D136CB742599F9C6006E72D2 /* Frameworks */ = {
			isa = PBXFrameworksBuildPhase;
			buildActionMask = 2147483647;
			files = (
			);
			runOnlyForDeploymentPostprocessing = 0;
		};
/* End PBXFrameworksBuildPhase section */

/* Begin PBXGroup section */
		D136CB6E2599F9C6006E72D2 = {
			isa = PBXGroup;
			children = (
				D136CB792599F9C6006E72D2 /* WeatherApp */,
				D136CB782599F9C6006E72D2 /* Products */,
			);
			sourceTree = "<group>";
		};
		D136CB782599F9C6006E72D2 /* Products */ = {
			isa = PBXGroup;
			children = (
				D136CB772599F9C6006E72D2 /* WeatherApp.app */,
			);
			name = Products;
			sourceTree = "<group>";
		};
		D136CB792599F9C6006E72D2 /* WeatherApp */ = {
			isa = PBXGroup;
			children = (
				D164AF2E259DE1A9002B16EA /* ViewModel */,
				D164AF2D259DE18E002B16EA /* Network */,
				D164AF2C259DE14D002B16EA /* UIHandler */,
				D164AF2B259DE133002B16EA /* Models */,
				D164AF29259DE0FB002B16EA /* Views */,
				D136CB832599F9C9006E72D2 /* Assets.xcassets */,
				D136CB8B2599F9C9006E72D2 /* Info.plist */,
				D136CB802599F9C6006E72D2 /* WeatherApp.xcdatamodeld */,
				D136CB852599F9C9006E72D2 /* Preview Content */,
			);
			path = WeatherApp;
			sourceTree = "<group>";
		};
		D136CB852599F9C9006E72D2 /* Preview Content */ = {
			isa = PBXGroup;
			children = (
				D136CB862599F9C9006E72D2 /* Preview Assets.xcassets */,
			);
			path = "Preview Content";
			sourceTree = "<group>";
		};
		D164AF29259DE0FB002B16EA /* Views */ = {
			isa = PBXGroup;
			children = (
				D136CB882599F9C9006E72D2 /* LaunchScreen.storyboard */,
				D136CB7E2599F9C6006E72D2 /* WeatherView.swift */,
			);
			path = Views;
			sourceTree = "<group>";
		};
		D164AF2B259DE133002B16EA /* Models */ = {
			isa = PBXGroup;
			children = (
				D136CB952599FFEE006E72D2 /* WeatherModel.swift */,
				D14E2F5225A104B7000F3474 /* APIWeather::models.swift */,
			);
			path = Models;
			sourceTree = "<group>";
		};
		D164AF2C259DE14D002B16EA /* UIHandler */ = {
			isa = PBXGroup;
			children = (
				D136CB7A2599F9C6006E72D2 /* AppDelegate.swift */,
				D136CB7C2599F9C6006E72D2 /* SceneDelegate.swift */,
			);
			path = UIHandler;
			sourceTree = "<group>";
		};
		D164AF2D259DE18E002B16EA /* Network */ = {
			isa = PBXGroup;
			children = (
				D136CB922599FA3C006E72D2 /* WeatherService.swift */,
			);
			path = Network;
			sourceTree = "<group>";
		};
		D164AF2E259DE1A9002B16EA /* ViewModel */ = {
			isa = PBXGroup;
			children = (
				D136CB9D259A1456006E72D2 /* WeatherViewModel.swift */,
			);
			path = ViewModel;
			sourceTree = "<group>";
		};
/* End PBXGroup section */

/* Begin PBXNativeTarget section */
		D136CB762599F9C6006E72D2 /* WeatherApp */ = {
			isa = PBXNativeTarget;
			buildConfigurationList = D136CB8E2599F9C9006E72D2 /* Build configuration list for PBXNativeTarget "WeatherApp" */;
			buildPhases = (
				D136CB732599F9C6006E72D2 /* Sources */,
				D136CB742599F9C6006E72D2 /* Frameworks */,
				D136CB752599F9C6006E72D2 /* Resources */,
			);
			buildRules = (
			);
			dependencies = (
			);
			name = WeatherApp;
			productName = WeatherApp;
			productReference = D136CB772599F9C6006E72D2 /* WeatherApp.app */;
			productType = "com.apple.product-type.application";
		};
/* End PBXNativeTarget section */

/* Begin PBXProject section */
		D136CB6F2599F9C6006E72D2 /* Project object */ = {
			isa = PBXProject;
			attributes = {
				LastSwiftUpdateCheck = 1220;
				LastUpgradeCheck = 1220;
				TargetAttributes = {
					D136CB762599F9C6006E72D2 = {
						CreatedOnToolsVersion = 12.2;
					};
				};
			};
			buildConfigurationList = D136CB722599F9C6006E72D2 /* Build configuration list for PBXProject "WeatherApp" */;
			compatibilityVersion = "Xcode 9.3";
			developmentRegion = en;
			hasScannedForEncodings = 0;
			knownRegions = (
				en,
				Base,
			);
			mainGroup = D136CB6E2599F9C6006E72D2;
			productRefGroup = D136CB782599F9C6006E72D2 /* Products */;
			projectDirPath = "";
			projectRoot = "";
			targets = (
				D136CB762599F9C6006E72D2 /* WeatherApp */,
			);
		};
/* End PBXProject section */

/* Begin PBXResourcesBuildPhase section */
		D136CB752599F9C6006E72D2 /* Resources */ = {
			isa = PBXResourcesBuildPhase;
			buildActionMask = 2147483647;
			files = (
				D136CB8A2599F9C9006E72D2 /* LaunchScreen.storyboard in Resources */,
				D136CB872599F9C9006E72D2 /* Preview Assets.xcassets in Resources */,
				D136CB842599F9C9006E72D2 /* Assets.xcassets in Resources */,
			);
			runOnlyForDeploymentPostprocessing = 0;
		};
/* End PBXResourcesBuildPhase section */

/* Begin PBXSourcesBuildPhase section */
		D136CB732599F9C6006E72D2 /* Sources */ = {
			isa = PBXSourcesBuildPhase;
			buildActionMask = 2147483647;
			files = (
				D136CB932599FA3C006E72D2 /* WeatherService.swift in Sources */,
				D136CB822599F9C6006E72D2 /* WeatherApp.xcdatamodeld in Sources */,
				D136CB7B2599F9C6006E72D2 /* AppDelegate.swift in Sources */,
				D136CB9E259A1456006E72D2 /* WeatherViewModel.swift in Sources */,
				D136CB7D2599F9C6006E72D2 /* SceneDelegate.swift in Sources */,
				D14E2F5325A104B7000F3474 /* APIWeather::models.swift in Sources */,
				D136CB962599FFEE006E72D2 /* WeatherModel.swift in Sources */,
				D136CB7F2599F9C6006E72D2 /* WeatherView.swift in Sources */,
			);
			runOnlyForDeploymentPostprocessing = 0;
		};
/* End PBXSourcesBuildPhase section */

/* Begin PBXVariantGroup section */
		D136CB882599F9C9006E72D2 /* LaunchScreen.storyboard */ = {
			isa = PBXVariantGroup;
			children = (
				D136CB892599F9C9006E72D2 /* Base */,
			);
			name = LaunchScreen.storyboard;
			sourceTree = "<group>";
		};
/* End PBXVariantGroup section */

/* Begin XCBuildConfiguration section */
		D136CB8C2599F9C9006E72D2 /* Debug */ = {
			isa = XCBuildConfiguration;
			buildSettings = {
				ALWAYS_SEARCH_USER_PATHS = NO;
				CLANG_ANALYZER_NONNULL = YES;
				CLANG_ANALYZER_NUMBER_OBJECT_CONVERSION = YES_AGGRESSIVE;
				CLANG_CXX_LANGUAGE_STANDARD = "gnu++14";
				CLANG_CXX_LIBRARY = "libc++";
				CLANG_ENABLE_MODULES = YES;
				CLANG_ENABLE_OBJC_ARC = YES;
				CLANG_ENABLE_OBJC_WEAK = YES;
				CLANG_WARN_BLOCK_CAPTURE_AUTORELEASING = YES;
				CLANG_WARN_BOOL_CONVERSION = YES;
				CLANG_WARN_COMMA = YES;
				CLANG_WARN_CONSTANT_CONVERSION = YES;
				CLANG_WARN_DEPRECATED_OBJC_IMPLEMENTATIONS = YES;
				CLANG_WARN_DIRECT_OBJC_ISA_USAGE = YES_ERROR;
				CLANG_WARN_DOCUMENTATION_COMMENTS = YES;
				CLANG_WARN_EMPTY_BODY = YES;
				CLANG_WARN_ENUM_CONVERSION = YES;
				CLANG_WARN_INFINITE_RECURSION = YES;
				CLANG_WARN_INT_CONVERSION = YES;
				CLANG_WARN_NON_LITERAL_NULL_CONVERSION = YES;
				CLANG_WARN_OBJC_IMPLICIT_RETAIN_SELF = YES;
				CLANG_WARN_OBJC_LITERAL_CONVERSION = YES;
				CLANG_WARN_OBJC_ROOT_CLASS = YES_ERROR;
				CLANG_WARN_QUOTED_INCLUDE_IN_FRAMEWORK_HEADER = YES;
				CLANG_WARN_RANGE_LOOP_ANALYSIS = YES;
				CLANG_WARN_STRICT_PROTOTYPES = YES;
				CLANG_WARN_SUSPICIOUS_MOVE = YES;
				CLANG_WARN_UNGUARDED_AVAILABILITY = YES_AGGRESSIVE;
				CLANG_WARN_UNREACHABLE_CODE = YES;
				CLANG_WARN__DUPLICATE_METHOD_MATCH = YES;
				COPY_PHASE_STRIP = NO;
				DEBUG_INFORMATION_FORMAT = dwarf;
				ENABLE_STRICT_OBJC_MSGSEND = YES;
				ENABLE_TESTABILITY = YES;
				GCC_C_LANGUAGE_STANDARD = gnu11;
				GCC_DYNAMIC_NO_PIC = NO;
				GCC_NO_COMMON_BLOCKS = YES;
				GCC_OPTIMIZATION_LEVEL = 0;
				GCC_PREPROCESSOR_DEFINITIONS = (
					"DEBUG=1",
					"$(inherited)",
				);
				GCC_WARN_64_TO_32_BIT_CONVERSION = YES;
				GCC_WARN_ABOUT_RETURN_TYPE = YES_ERROR;
				GCC_WARN_UNDECLARED_SELECTOR = YES;
				GCC_WARN_UNINITIALIZED_AUTOS = YES_AGGRESSIVE;
				GCC_WARN_UNUSED_FUNCTION = YES;
				GCC_WARN_UNUSED_VARIABLE = YES;
				IPHONEOS_DEPLOYMENT_TARGET = 14.2;
				MTL_ENABLE_DEBUG_INFO = INCLUDE_SOURCE;
				MTL_FAST_MATH = YES;
				ONLY_ACTIVE_ARCH = YES;
				SDKROOT = iphoneos;
				SWIFT_ACTIVE_COMPILATION_CONDITIONS = DEBUG;
				SWIFT_OPTIMIZATION_LEVEL = "-Onone";
			};
			name = Debug;
		};
		D136CB8D2599F9C9006E72D2 /* Release */ = {
			isa = XCBuildConfiguration;
			buildSettings = {
				ALWAYS_SEARCH_USER_PATHS = NO;
				CLANG_ANALYZER_NONNULL = YES;
				CLANG_ANALYZER_NUMBER_OBJECT_CONVERSION = YES_AGGRESSIVE;
				CLANG_CXX_LANGUAGE_STANDARD = "gnu++14";
				CLANG_CXX_LIBRARY = "libc++";
				CLANG_ENABLE_MODULES = YES;
				CLANG_ENABLE_OBJC_ARC = YES;
				CLANG_ENABLE_OBJC_WEAK = YES;
				CLANG_WARN_BLOCK_CAPTURE_AUTORELEASING = YES;
				CLANG_WARN_BOOL_CONVERSION = YES;
				CLANG_WARN_COMMA = YES;
				CLANG_WARN_CONSTANT_CONVERSION = YES;
				CLANG_WARN_DEPRECATED_OBJC_IMPLEMENTATIONS = YES;
				CLANG_WARN_DIRECT_OBJC_ISA_USAGE = YES_ERROR;
				CLANG_WARN_DOCUMENTATION_COMMENTS = YES;
				CLANG_WARN_EMPTY_BODY = YES;
				CLANG_WARN_ENUM_CONVERSION = YES;
				CLANG_WARN_INFINITE_RECURSION = YES;
				CLANG_WARN_INT_CONVERSION = YES;
				CLANG_WARN_NON_LITERAL_NULL_CONVERSION = YES;
				CLANG_WARN_OBJC_IMPLICIT_RETAIN_SELF = YES;
				CLANG_WARN_OBJC_LITERAL_CONVERSION = YES;
				CLANG_WARN_OBJC_ROOT_CLASS = YES_ERROR;
				CLANG_WARN_QUOTED_INCLUDE_IN_FRAMEWORK_HEADER = YES;
				CLANG_WARN_RANGE_LOOP_ANALYSIS = YES;
				CLANG_WARN_STRICT_PROTOTYPES = YES;
				CLANG_WARN_SUSPICIOUS_MOVE = YES;
				CLANG_WARN_UNGUARDED_AVAILABILITY = YES_AGGRESSIVE;
				CLANG_WARN_UNREACHABLE_CODE = YES;
				CLANG_WARN__DUPLICATE_METHOD_MATCH = YES;
				COPY_PHASE_STRIP = NO;
				DEBUG_INFORMATION_FORMAT = "dwarf-with-dsym";
				ENABLE_NS_ASSERTIONS = NO;
				ENABLE_STRICT_OBJC_MSGSEND = YES;
				GCC_C_LANGUAGE_STANDARD = gnu11;
				GCC_NO_COMMON_BLOCKS = YES;
				GCC_WARN_64_TO_32_BIT_CONVERSION = YES;
				GCC_WARN_ABOUT_RETURN_TYPE = YES_ERROR;
				GCC_WARN_UNDECLARED_SELECTOR = YES;
				GCC_WARN_UNINITIALIZED_AUTOS = YES_AGGRESSIVE;
				GCC_WARN_UNUSED_FUNCTION = YES;
				GCC_WARN_UNUSED_VARIABLE = YES;
				IPHONEOS_DEPLOYMENT_TARGET = 14.2;
				MTL_ENABLE_DEBUG_INFO = NO;
				MTL_FAST_MATH = YES;
				SDKROOT = iphoneos;
				SWIFT_COMPILATION_MODE = wholemodule;
				SWIFT_OPTIMIZATION_LEVEL = "-O";
				VALIDATE_PRODUCT = YES;
			};
			name = Release;
		};
		D136CB8F2599F9C9006E72D2 /* Debug */ = {
			isa = XCBuildConfiguration;
			buildSettings = {
				ASSETCATALOG_COMPILER_APPICON_NAME = AppIcon;
				ASSETCATALOG_COMPILER_GLOBAL_ACCENT_COLOR_NAME = AccentColor;
				CODE_SIGN_STYLE = Automatic;
				DEVELOPMENT_ASSET_PATHS = "\"WeatherApp/Preview Content\"";
				ENABLE_PREVIEWS = YES;
				INFOPLIST_FILE = WeatherApp/Info.plist;
				LD_RUNPATH_SEARCH_PATHS = (
					"$(inherited)",
					"@executable_path/Frameworks",
				);
				PRODUCT_BUNDLE_IDENTIFIER = alaa.araishi.weather.api.WeatherApp;
				PRODUCT_NAME = "$(TARGET_NAME)";
				SWIFT_VERSION = 5.0;
				TARGETED_DEVICE_FAMILY = "1,2";
			};
			name = Debug;
		};
		D136CB902599F9C9006E72D2 /* Release */ = {
			isa = XCBuildConfiguration;
			buildSettings = {
				ASSETCATALOG_COMPILER_APPICON_NAME = AppIcon;
				ASSETCATALOG_COMPILER_GLOBAL_ACCENT_COLOR_NAME = AccentColor;
				CODE_SIGN_STYLE = Automatic;
				DEVELOPMENT_ASSET_PATHS = "\"WeatherApp/Preview Content\"";
				ENABLE_PREVIEWS = YES;
				INFOPLIST_FILE = WeatherApp/Info.plist;
				LD_RUNPATH_SEARCH_PATHS = (
					"$(inherited)",
					"@executable_path/Frameworks",
				);
				PRODUCT_BUNDLE_IDENTIFIER = alaa.araishi.weather.api.WeatherApp;
				PRODUCT_NAME = "$(TARGET_NAME)";
				SWIFT_VERSION = 5.0;
				TARGETED_DEVICE_FAMILY = "1,2";
			};
			name = Release;
		};
/* End XCBuildConfiguration section */

/* Begin XCConfigurationList section */
		D136CB722599F9C6006E72D2 /* Build configuration list for PBXProject "WeatherApp" */ = {
			isa = XCConfigurationList;
			buildConfigurations = (
				D136CB8C2599F9C9006E72D2 /* Debug */,
				D136CB8D2599F9C9006E72D2 /* Release */,
			);
			defaultConfigurationIsVisible = 0;
			defaultConfigurationName = Release;
		};
		D136CB8E2599F9C9006E72D2 /* Build configuration list for PBXNativeTarget "WeatherApp" */ = {
			isa = XCConfigurationList;
			buildConfigurations = (
				D136CB8F2599F9C9006E72D2 /* Debug */,
				D136CB902599F9C9006E72D2 /* Release */,
			);
			defaultConfigurationIsVisible = 0;
			defaultConfigurationName = Release;
		};
/* End XCConfigurationList section */

/* Begin XCVersionGroup section */
		D136CB802599F9C6006E72D2 /* WeatherApp.xcdatamodeld */ = {
			isa = XCVersionGroup;
			children = (
				D136CB812599F9C6006E72D2 /* WeatherApp.xcdatamodel */,
			);
			currentVersion = D136CB812599F9C6006E72D2 /* WeatherApp.xcdatamodel */;
			path = WeatherApp.xcdatamodeld;
			sourceTree = "<group>";
			versionGroupType = wrapper.xcdatamodel;
		};
/* End XCVersionGroup section */
	};
	rootObject = D136CB6F2599F9C6006E72D2 /* Project object */;
}
